<?xml version="1.0" encoding="utf-8"?>
<Project ToolsVersion="4.0" xmlns="http://schemas.microsoft.com/developer/msbuild/2003">
  <ItemGroup>
    <Filter Include="Source Files">
      <UniqueIdentifier>{4FC737F1-C7A5-4376-A066-2A32D752A2FF}</UniqueIdentifier>
      <Extensions>cpp;c;cc;cxx;def;odl;idl;hpj;bat;asm;asmx</Extensions>
    </Filter>
    <Filter Include="Header Files">
      <UniqueIdentifier>{93995380-89BD-4b04-88EB-625FBE52EBFB}</UniqueIdentifier>
      <Extensions>h;hpp;hxx;hm;inl;inc;xsd</Extensions>
    </Filter>
    <Filter Include="Resource Files">
      <UniqueIdentifier>{67DA6AB6-F800-4c08-8B7A-83BB121AAD01}</UniqueIdentifier>
      <Extensions>rc;ico;cur;bmp;dlg;rc2;rct;bin;rgs;gif;jpg;jpeg;jpe;resx;tiff;tif;png;wav;mfcribbon-ms</Extensions>
    </Filter>
  </ItemGroup>
  <ItemGroup>
    <ClInclude Include="\\filer.cs.tamu.edu\dereekb\ms_windows\cpsc_redirected\Desktop\Project 1\DatabaseProject\DatabaseProject\Action.h">
      <Filter>Header Files</Filter>
    </ClInclude>
    <ClInclude Include="\\filer.cs.tamu.edu\dereekb\ms_windows\cpsc_redirected\Desktop\Project 1\DatabaseProject\DatabaseProject\Attribute.h">
      <Filter>Header Files</Filter>
    </ClInclude>
    <ClInclude Include="\\filer.cs.tamu.edu\dereekb\ms_windows\cpsc_redirected\Desktop\Project 1\DatabaseProject\DatabaseProject\Command.h">
      <Filter>Header Files</Filter>
    </ClInclude>
    <ClInclude Include="\\filer.cs.tamu.edu\dereekb\ms_windows\cpsc_redirected\Desktop\Project 1\DatabaseProject\DatabaseProject\Comparator.h">
      <Filter>Header Files</Filter>
    </ClInclude>
    <ClInclude Include="\\filer.cs.tamu.edu\dereekb\ms_windows\cpsc_redirected\Desktop\Project 1\DatabaseProject\DatabaseProject\Comparison.h">
      <Filter>Header Files</Filter>
    </ClInclude>
    <ClInclude Include="\\filer.cs.tamu.edu\dereekb\ms_windows\cpsc_redirected\Desktop\Project 1\DatabaseProject\DatabaseProject\Condition.h">
      <Filter>Header Files</Filter>
    </ClInclude>
    <ClInclude Include="\\filer.cs.tamu.edu\dereekb\ms_windows\cpsc_redirected\Desktop\Project 1\DatabaseProject\DatabaseProject\Database.h">
      <Filter>Header Files</Filter>
    </ClInclude>
    <ClInclude Include="\\filer.cs.tamu.edu\dereekb\ms_windows\cpsc_redirected\Desktop\Project 1\DatabaseProject\DatabaseProject\Domain.h">
      <Filter>Header Files</Filter>
    </ClInclude>
    <ClInclude Include="\\filer.cs.tamu.edu\dereekb\ms_windows\cpsc_redirected\Desktop\Project 1\DatabaseProject\DatabaseProject\Query.h">
      <Filter>Header Files</Filter>
    </ClInclude>
    <ClInclude Include="\\filer.cs.tamu.edu\dereekb\ms_windows\cpsc_redirected\Desktop\Project 1\DatabaseProject\DatabaseProject\Relation.h">
      <Filter>Header Files</Filter>
    </ClInclude>
    <ClInclude Include="\\filer.cs.tamu.edu\dereekb\ms_windows\cpsc_redirected\Desktop\Project 1\DatabaseProject\DatabaseProject\RelationContext.h">
      <Filter>Header Files</Filter>
    </ClInclude>
    <ClInclude Include="\\filer.cs.tamu.edu\dereekb\ms_windows\cpsc_redirected\Desktop\Project 1\DatabaseProject\DatabaseProject\Result.h">
      <Filter>Header Files</Filter>
    </ClInclude>
    <ClInclude Include="\\filer.cs.tamu.edu\dereekb\ms_windows\cpsc_redirected\Desktop\Project 1\DatabaseProject\DatabaseProject\ResultCombiner.h">
      <Filter>Header Files</Filter>
    </ClInclude>
    <ClInclude Include="\\filer.cs.tamu.edu\dereekb\ms_windows\cpsc_redirected\Desktop\Project 1\DatabaseProject\DatabaseProject\TransactionInterface.h">
      <Filter>Header Files</Filter>
    </ClInclude>
    <ClInclude Include="\\filer.cs.tamu.edu\dereekb\ms_windows\cpsc_redirected\Desktop\Project 1\DatabaseProject\DatabaseProject\Tuple.h">
      <Filter>Header Files</Filter>
    </ClInclude>
  </ItemGroup>
  <ItemGroup>
    <ClCompile Include="\\filer.cs.tamu.edu\dereekb\ms_windows\cpsc_redirected\Desktop\Project 1\DatabaseProject\DatabaseProject\Action.cpp">
      <Filter>Source Files</Filter>
    </ClCompile>
    <ClCompile Include="\\filer.cs.tamu.edu\dereekb\ms_windows\cpsc_redirected\Desktop\Project 1\DatabaseProject\DatabaseProject\Attribute.cpp">
      <Filter>Source Files</Filter>
    </ClCompile>
    <ClCompile Include="\\filer.cs.tamu.edu\dereekb\ms_windows\cpsc_redirected\Desktop\Project 1\DatabaseProject\DatabaseProject\Command.cpp">
      <Filter>Source Files</Filter>
    </ClCompile>
    <ClCompile Include="\\filer.cs.tamu.edu\dereekb\ms_windows\cpsc_redirected\Desktop\Project 1\DatabaseProject\DatabaseProject\Comparator.cpp">
      <Filter>Source Files</Filter>
    </ClCompile>
    <ClCompile Include="\\filer.cs.tamu.edu\dereekb\ms_windows\cpsc_redirected\Desktop\Project 1\DatabaseProject\DatabaseProject\Comparison.cpp">
      <Filter>Source Files</Filter>
    </ClCompile>
    <ClCompile Include="\\filer.cs.tamu.edu\dereekb\ms_windows\cpsc_redirected\Desktop\Project 1\DatabaseProject\DatabaseProject\Condition.cpp">
      <Filter>Source Files</Filter>
    </ClCompile>
    <ClCompile Include="\\filer.cs.tamu.edu\dereekb\ms_windows\cpsc_redirected\Desktop\Project 1\DatabaseProject\DatabaseProject\Database.cpp">
      <Filter>Source Files</Filter>
    </ClCompile>
    <ClCompile Include="\\filer.cs.tamu.edu\dereekb\ms_windows\cpsc_redirected\Desktop\Project 1\DatabaseProject\DatabaseProject\Domain.cpp">
      <Filter>Source Files</Filter>
    </ClCompile>
    <ClCompile Include="\\filer.cs.tamu.edu\dereekb\ms_windows\cpsc_redirected\Desktop\Project 1\DatabaseProject\DatabaseProject\Query.cpp">
      <Filter>Source Files</Filter>
    </ClCompile>
    <ClCompile Include="\\filer.cs.tamu.edu\dereekb\ms_windows\cpsc_redirected\Desktop\Project 1\DatabaseProject\DatabaseProject\Relation.cpp">
      <Filter>Source Files</Filter>
    </ClCompile>
    <ClCompile Include="\\filer.cs.tamu.edu\dereekb\ms_windows\cpsc_redirected\Desktop\Project 1\DatabaseProject\DatabaseProject\RelationContext.cpp">
      <Filter>Source Files</Filter>
    </ClCompile>
    <ClCompile Include="\\filer.cs.tamu.edu\dereekb\ms_windows\cpsc_redirected\Desktop\Project 1\DatabaseProject\DatabaseProject\Result.cpp">
      <Filter>Source Files</Filter>
    </ClCompile>
    <ClCompile Include="\\filer.cs.tamu.edu\dereekb\ms_windows\cpsc_redirected\Desktop\Project 1\DatabaseProject\DatabaseProject\ResultCombiner.cpp">
      <Filter>Source Files</Filter>
    </ClCompile>
    <ClCompile Include="\\filer.cs.tamu.edu\dereekb\ms_windows\cpsc_redirected\Desktop\Project 1\DatabaseProject\DatabaseProject\TransactionInterface.cpp">
      <Filter>Source Files</Filter>
    </ClCompile>
    <ClCompile Include="\\filer.cs.tamu.edu\dereekb\ms_windows\cpsc_redirected\Desktop\Project 1\DatabaseProject\DatabaseProject\Tuple.cpp">
      <Filter>Source Files</Filter>
    </ClCompile>
  </ItemGroup>
</Project>